// !$*UTF8*$!
{
	archiveVersion = 1;
	classes = {
	};
	objectVersion = 50;
	objects = {

/* Begin PBXBuildFile section */
		44A2069723F3F67000BEB75E /* AppDelegate.swift in Sources */ = {isa = PBXBuildFile; fileRef = 44A2069623F3F67000BEB75E /* AppDelegate.swift */; };
		44A2069923F3F67000BEB75E /* SceneDelegate.swift in Sources */ = {isa = PBXBuildFile; fileRef = 44A2069823F3F67000BEB75E /* SceneDelegate.swift */; };
		44A2069B23F3F67100BEB75E /* ListVC.swift in Sources */ = {isa = PBXBuildFile; fileRef = 44A2069A23F3F67100BEB75E /* ListVC.swift */; };
		44A2069E23F3F67100BEB75E /* Main.storyboard in Resources */ = {isa = PBXBuildFile; fileRef = 44A2069C23F3F67100BEB75E /* Main.storyboard */; };
		44A206A023F3F67300BEB75E /* Assets.xcassets in Resources */ = {isa = PBXBuildFile; fileRef = 44A2069F23F3F67300BEB75E /* Assets.xcassets */; };
		44A206A323F3F67300BEB75E /* LaunchScreen.storyboard in Resources */ = {isa = PBXBuildFile; fileRef = 44A206A123F3F67300BEB75E /* LaunchScreen.storyboard */; };
		44A206B023F40AA200BEB75E /* DoctorCallResults.swift in Sources */ = {isa = PBXBuildFile; fileRef = 44A206AF23F40AA200BEB75E /* DoctorCallResults.swift */; };
		44A206B223F40B6C00BEB75E /* Doctor.swift in Sources */ = {isa = PBXBuildFile; fileRef = 44A206B123F40B6C00BEB75E /* Doctor.swift */; };
		44A206B423F40D9A00BEB75E /* Basics.swift in Sources */ = {isa = PBXBuildFile; fileRef = 44A206B323F40D9A00BEB75E /* Basics.swift */; };
		44A206B623F40E5100BEB75E /* Adresses.swift in Sources */ = {isa = PBXBuildFile; fileRef = 44A206B523F40E5100BEB75E /* Adresses.swift */; };
		44A206B923F412EE00BEB75E /* NetworkingClient.swift in Sources */ = {isa = PBXBuildFile; fileRef = 44A206B823F412EE00BEB75E /* NetworkingClient.swift */; };
		44A206BC23F4137700BEB75E /* BaseUrl.swift in Sources */ = {isa = PBXBuildFile; fileRef = 44A206BB23F4137700BEB75E /* BaseUrl.swift */; };
		44A206C023F41BA300BEB75E /* ContactListCell.swift in Sources */ = {isa = PBXBuildFile; fileRef = 44A206BF23F41BA300BEB75E /* ContactListCell.swift */; };
		44A206C223F41E9C00BEB75E /* DoctorListModel.swift in Sources */ = {isa = PBXBuildFile; fileRef = 44A206C123F41E9C00BEB75E /* DoctorListModel.swift */; };
		44A206C423F4267B00BEB75E /* DoctorModel.swift in Sources */ = {isa = PBXBuildFile; fileRef = 44A206C323F4267B00BEB75E /* DoctorModel.swift */; };
		44E6FCA423F455F700DF6620 /* DetailVC.swift in Sources */ = {isa = PBXBuildFile; fileRef = 44E6FCA323F455F700DF6620 /* DetailVC.swift */; };
		44E6FCA823F45AA500DF6620 /* PhoneNumberTableViewCell.swift in Sources */ = {isa = PBXBuildFile; fileRef = 44E6FCA723F45AA500DF6620 /* PhoneNumberTableViewCell.swift */; };
		44E6FCAA23F45ABC00DF6620 /* AdressTableViewCell.swift in Sources */ = {isa = PBXBuildFile; fileRef = 44E6FCA923F45ABC00DF6620 /* AdressTableViewCell.swift */; };
		44E6FCAC23F45AF300DF6620 /* EnumerationDateCellTableViewCell.swift in Sources */ = {isa = PBXBuildFile; fileRef = 44E6FCAB23F45AF300DF6620 /* EnumerationDateCellTableViewCell.swift */; };
		44E6FCAE23F45B0E00DF6620 /* NotesTableViewCell.swift in Sources */ = {isa = PBXBuildFile; fileRef = 44E6FCAD23F45B0E00DF6620 /* NotesTableViewCell.swift */; };
		44E6FCB023F460D600DF6620 /* UniversalExtraTableViewCell.swift in Sources */ = {isa = PBXBuildFile; fileRef = 44E6FCAF23F460D600DF6620 /* UniversalExtraTableViewCell.swift */; };
/* End PBXBuildFile section */

/* Begin PBXFileReference section */
		44A2069323F3F67000BEB75E /* HCPTest.app */ = {isa = PBXFileReference; explicitFileType = wrapper.application; includeInIndex = 0; path = HCPTest.app; sourceTree = BUILT_PRODUCTS_DIR; };
		44A2069623F3F67000BEB75E /* AppDelegate.swift */ = {isa = PBXFileReference; lastKnownFileType = sourcecode.swift; path = AppDelegate.swift; sourceTree = "<group>"; };
		44A2069823F3F67000BEB75E /* SceneDelegate.swift */ = {isa = PBXFileReference; lastKnownFileType = sourcecode.swift; path = SceneDelegate.swift; sourceTree = "<group>"; };
		44A2069A23F3F67100BEB75E /* ListVC.swift */ = {isa = PBXFileReference; lastKnownFileType = sourcecode.swift; path = ListVC.swift; sourceTree = "<group>"; };
		44A2069D23F3F67100BEB75E /* Base */ = {isa = PBXFileReference; lastKnownFileType = file.storyboard; name = Base; path = Base.lproj/Main.storyboard; sourceTree = "<group>"; };
		44A2069F23F3F67300BEB75E /* Assets.xcassets */ = {isa = PBXFileReference; lastKnownFileType = folder.assetcatalog; path = Assets.xcassets; sourceTree = "<group>"; };
		44A206A223F3F67300BEB75E /* Base */ = {isa = PBXFileReference; lastKnownFileType = file.storyboard; name = Base; path = Base.lproj/LaunchScreen.storyboard; sourceTree = "<group>"; };
		44A206A423F3F67300BEB75E /* Info.plist */ = {isa = PBXFileReference; lastKnownFileType = text.plist.xml; path = Info.plist; sourceTree = "<group>"; };
		44A206AF23F40AA200BEB75E /* DoctorCallResults.swift */ = {isa = PBXFileReference; lastKnownFileType = sourcecode.swift; path = DoctorCallResults.swift; sourceTree = "<group>"; };
		44A206B123F40B6C00BEB75E /* Doctor.swift */ = {isa = PBXFileReference; lastKnownFileType = sourcecode.swift; path = Doctor.swift; sourceTree = "<group>"; };
		44A206B323F40D9A00BEB75E /* Basics.swift */ = {isa = PBXFileReference; lastKnownFileType = sourcecode.swift; path = Basics.swift; sourceTree = "<group>"; };
		44A206B523F40E5100BEB75E /* Adresses.swift */ = {isa = PBXFileReference; lastKnownFileType = sourcecode.swift; path = Adresses.swift; sourceTree = "<group>"; };
		44A206B823F412EE00BEB75E /* NetworkingClient.swift */ = {isa = PBXFileReference; lastKnownFileType = sourcecode.swift; path = NetworkingClient.swift; sourceTree = "<group>"; };
		44A206BB23F4137700BEB75E /* BaseUrl.swift */ = {isa = PBXFileReference; lastKnownFileType = sourcecode.swift; path = BaseUrl.swift; sourceTree = "<group>"; };
		44A206BF23F41BA300BEB75E /* ContactListCell.swift */ = {isa = PBXFileReference; lastKnownFileType = sourcecode.swift; path = ContactListCell.swift; sourceTree = "<group>"; };
		44A206C123F41E9C00BEB75E /* DoctorListModel.swift */ = {isa = PBXFileReference; lastKnownFileType = sourcecode.swift; path = DoctorListModel.swift; sourceTree = "<group>"; };
		44A206C323F4267B00BEB75E /* DoctorModel.swift */ = {isa = PBXFileReference; lastKnownFileType = sourcecode.swift; path = DoctorModel.swift; sourceTree = "<group>"; };
		44E6FCA323F455F700DF6620 /* DetailVC.swift */ = {isa = PBXFileReference; lastKnownFileType = sourcecode.swift; path = DetailVC.swift; sourceTree = "<group>"; };
		44E6FCA723F45AA500DF6620 /* PhoneNumberTableViewCell.swift */ = {isa = PBXFileReference; lastKnownFileType = sourcecode.swift; path = PhoneNumberTableViewCell.swift; sourceTree = "<group>"; };
		44E6FCA923F45ABC00DF6620 /* AdressTableViewCell.swift */ = {isa = PBXFileReference; lastKnownFileType = sourcecode.swift; path = AdressTableViewCell.swift; sourceTree = "<group>"; };
		44E6FCAB23F45AF300DF6620 /* EnumerationDateCellTableViewCell.swift */ = {isa = PBXFileReference; lastKnownFileType = sourcecode.swift; path = EnumerationDateCellTableViewCell.swift; sourceTree = "<group>"; };
		44E6FCAD23F45B0E00DF6620 /* NotesTableViewCell.swift */ = {isa = PBXFileReference; lastKnownFileType = sourcecode.swift; path = NotesTableViewCell.swift; sourceTree = "<group>"; };
		44E6FCAF23F460D600DF6620 /* UniversalExtraTableViewCell.swift */ = {isa = PBXFileReference; lastKnownFileType = sourcecode.swift; path = UniversalExtraTableViewCell.swift; sourceTree = "<group>"; };
/* End PBXFileReference section */

/* Begin PBXFrameworksBuildPhase section */
		44A2069023F3F67000BEB75E /* Frameworks */ = {
			isa = PBXFrameworksBuildPhase;
			buildActionMask = 2147483647;
			files = (
			);
			runOnlyForDeploymentPostprocessing = 0;
		};
/* End PBXFrameworksBuildPhase section */

/* Begin PBXGroup section */
		44A2068A23F3F67000BEB75E = {
			isa = PBXGroup;
			children = (
				44A2069523F3F67000BEB75E /* HCPTest */,
				44A2069423F3F67000BEB75E /* Products */,
			);
			sourceTree = "<group>";
		};
		44A2069423F3F67000BEB75E /* Products */ = {
			isa = PBXGroup;
			children = (
				44A2069323F3F67000BEB75E /* HCPTest.app */,
			);
			name = Products;
			sourceTree = "<group>";
		};
		44A2069523F3F67000BEB75E /* HCPTest */ = {
			isa = PBXGroup;
			children = (
				44A206B723F412CF00BEB75E /* Networking  */,
				44A206AE23F3F6D000BEB75E /* Assets&Storyboard */,
				44A206AD23F3F6AD00BEB75E /* App&SceneDelegate */,
				44A206AC23F3F69A00BEB75E /* Controller */,
				44A206AB23F3F69200BEB75E /* View */,
				44A206AA23F3F68B00BEB75E /* Model */,
				44A206A423F3F67300BEB75E /* Info.plist */,
			);
			path = HCPTest;
			sourceTree = "<group>";
		};
		44A206AA23F3F68B00BEB75E /* Model */ = {
			isa = PBXGroup;
			children = (
				44A206AF23F40AA200BEB75E /* DoctorCallResults.swift */,
				44A206C123F41E9C00BEB75E /* DoctorListModel.swift */,
				44A206C323F4267B00BEB75E /* DoctorModel.swift */,
				44A206B323F40D9A00BEB75E /* Basics.swift */,
				44A206B523F40E5100BEB75E /* Adresses.swift */,
				44A206B123F40B6C00BEB75E /* Doctor.swift */,
			);
			path = Model;
			sourceTree = "<group>";
		};
		44A206AB23F3F69200BEB75E /* View */ = {
			isa = PBXGroup;
			children = (
				44A206BF23F41BA300BEB75E /* ContactListCell.swift */,
				44E6FCA723F45AA500DF6620 /* PhoneNumberTableViewCell.swift */,
				44E6FCA923F45ABC00DF6620 /* AdressTableViewCell.swift */,
				44E6FCAB23F45AF300DF6620 /* EnumerationDateCellTableViewCell.swift */,
				44E6FCAD23F45B0E00DF6620 /* NotesTableViewCell.swift */,
				44E6FCAF23F460D600DF6620 /* UniversalExtraTableViewCell.swift */,
			);
			path = View;
			sourceTree = "<group>";
		};
		44A206AC23F3F69A00BEB75E /* Controller */ = {
			isa = PBXGroup;
			children = (
				44A2069A23F3F67100BEB75E /* ListVC.swift */,
				44E6FCA323F455F700DF6620 /* DetailVC.swift */,
			);
			path = Controller;
			sourceTree = "<group>";
		};
		44A206AD23F3F6AD00BEB75E /* App&SceneDelegate */ = {
			isa = PBXGroup;
			children = (
				44A2069623F3F67000BEB75E /* AppDelegate.swift */,
				44A2069823F3F67000BEB75E /* SceneDelegate.swift */,
			);
			path = "App&SceneDelegate";
			sourceTree = "<group>";
		};
		44A206AE23F3F6D000BEB75E /* Assets&Storyboard */ = {
			isa = PBXGroup;
			children = (
				44A2069C23F3F67100BEB75E /* Main.storyboard */,
				44A2069F23F3F67300BEB75E /* Assets.xcassets */,
				44A206A123F3F67300BEB75E /* LaunchScreen.storyboard */,
			);
			path = "Assets&Storyboard";
			sourceTree = "<group>";
		};
		44A206B723F412CF00BEB75E /* Networking  */ = {
			isa = PBXGroup;
			children = (
				44A206B823F412EE00BEB75E /* NetworkingClient.swift */,
				44A206BB23F4137700BEB75E /* BaseUrl.swift */,
			);
			path = "Networking ";
			sourceTree = "<group>";
		};
/* End PBXGroup section */

/* Begin PBXNativeTarget section */
		44A2069223F3F67000BEB75E /* HCPTest */ = {
			isa = PBXNativeTarget;
			buildConfigurationList = 44A206A723F3F67300BEB75E /* Build configuration list for PBXNativeTarget "HCPTest" */;
			buildPhases = (
				44A2068F23F3F67000BEB75E /* Sources */,
				44A2069023F3F67000BEB75E /* Frameworks */,
				44A2069123F3F67000BEB75E /* Resources */,
			);
			buildRules = (
			);
			dependencies = (
			);
			name = HCPTest;
			productName = HCPTest;
			productReference = 44A2069323F3F67000BEB75E /* HCPTest.app */;
			productType = "com.apple.product-type.application";
		};
/* End PBXNativeTarget section */

/* Begin PBXProject section */
		44A2068B23F3F67000BEB75E /* Project object */ = {
			isa = PBXProject;
			attributes = {
				LastSwiftUpdateCheck = 1130;
				LastUpgradeCheck = 1130;
				ORGANIZATIONNAME = "Nazar Petruk";
				TargetAttributes = {
					44A2069223F3F67000BEB75E = {
						CreatedOnToolsVersion = 11.3.1;
					};
				};
			};
			buildConfigurationList = 44A2068E23F3F67000BEB75E /* Build configuration list for PBXProject "HCPTest" */;
			compatibilityVersion = "Xcode 9.3";
			developmentRegion = en;
			hasScannedForEncodings = 0;
			knownRegions = (
				en,
				Base,
			);
			mainGroup = 44A2068A23F3F67000BEB75E;
			productRefGroup = 44A2069423F3F67000BEB75E /* Products */;
			projectDirPath = "";
			projectRoot = "";
			targets = (
				44A2069223F3F67000BEB75E /* HCPTest */,
			);
		};
/* End PBXProject section */

/* Begin PBXResourcesBuildPhase section */
		44A2069123F3F67000BEB75E /* Resources */ = {
			isa = PBXResourcesBuildPhase;
			buildActionMask = 2147483647;
			files = (
				44A206A323F3F67300BEB75E /* LaunchScreen.storyboard in Resources */,
				44A206A023F3F67300BEB75E /* Assets.xcassets in Resources */,
				44A2069E23F3F67100BEB75E /* Main.storyboard in Resources */,
			);
			runOnlyForDeploymentPostprocessing = 0;
		};
/* End PBXResourcesBuildPhase section */

/* Begin PBXSourcesBuildPhase section */
		44A2068F23F3F67000BEB75E /* Sources */ = {
			isa = PBXSourcesBuildPhase;
			buildActionMask = 2147483647;
			files = (
				44E6FCAE23F45B0E00DF6620 /* NotesTableViewCell.swift in Sources */,
				44A206B923F412EE00BEB75E /* NetworkingClient.swift in Sources */,
				44A206B423F40D9A00BEB75E /* Basics.swift in Sources */,
				44E6FCB023F460D600DF6620 /* UniversalExtraTableViewCell.swift in Sources */,
				44E6FCA423F455F700DF6620 /* DetailVC.swift in Sources */,
				44A2069B23F3F67100BEB75E /* ListVC.swift in Sources */,
				44A206B223F40B6C00BEB75E /* Doctor.swift in Sources */,
				44A206BC23F4137700BEB75E /* BaseUrl.swift in Sources */,
				44A2069723F3F67000BEB75E /* AppDelegate.swift in Sources */,
				44A206C223F41E9C00BEB75E /* DoctorListModel.swift in Sources */,
				44A206C023F41BA300BEB75E /* ContactListCell.swift in Sources */,
				44E6FCAC23F45AF300DF6620 /* EnumerationDateCellTableViewCell.swift in Sources */,
				44A206C423F4267B00BEB75E /* DoctorModel.swift in Sources */,
				44A206B023F40AA200BEB75E /* DoctorCallResults.swift in Sources */,
				44E6FCA823F45AA500DF6620 /* PhoneNumberTableViewCell.swift in Sources */,
				44E6FCAA23F45ABC00DF6620 /* AdressTableViewCell.swift in Sources */,
				44A206B623F40E5100BEB75E /* Adresses.swift in Sources */,
				44A2069923F3F67000BEB75E /* SceneDelegate.swift in Sources */,
			);
			runOnlyForDeploymentPostprocessing = 0;
		};
/* End PBXSourcesBuildPhase section */

/* Begin PBXVariantGroup section */
		44A2069C23F3F67100BEB75E /* Main.storyboard */ = {
			isa = PBXVariantGroup;
			children = (
				44A2069D23F3F67100BEB75E /* Base */,
			);
			name = Main.storyboard;
			sourceTree = "<group>";
		};
		44A206A123F3F67300BEB75E /* LaunchScreen.storyboard */ = {
			isa = PBXVariantGroup;
			children = (
				44A206A223F3F67300BEB75E /* Base */,
			);
			name = LaunchScreen.storyboard;
			sourceTree = "<group>";
		};
/* End PBXVariantGroup section */

/* Begin XCBuildConfiguration section */
		44A206A523F3F67300BEB75E /* Debug */ = {
			isa = XCBuildConfiguration;
			buildSettings = {
				ALWAYS_SEARCH_USER_PATHS = NO;
				CLANG_ANALYZER_NONNULL = YES;
				CLANG_ANALYZER_NUMBER_OBJECT_CONVERSION = YES_AGGRESSIVE;
				CLANG_CXX_LANGUAGE_STANDARD = "gnu++14";
				CLANG_CXX_LIBRARY = "libc++";
				CLANG_ENABLE_MODULES = YES;
				CLANG_ENABLE_OBJC_ARC = YES;
				CLANG_ENABLE_OBJC_WEAK = YES;
				CLANG_WARN_BLOCK_CAPTURE_AUTORELEASING = YES;
				CLANG_WARN_BOOL_CONVERSION = YES;
				CLANG_WARN_COMMA = YES;
				CLANG_WARN_CONSTANT_CONVERSION = YES;
				CLANG_WARN_DEPRECATED_OBJC_IMPLEMENTATIONS = YES;
				CLANG_WARN_DIRECT_OBJC_ISA_USAGE = YES_ERROR;
				CLANG_WARN_DOCUMENTATION_COMMENTS = YES;
				CLANG_WARN_EMPTY_BODY = YES;
				CLANG_WARN_ENUM_CONVERSION = YES;
				CLANG_WARN_INFINITE_RECURSION = YES;
				CLANG_WARN_INT_CONVERSION = YES;
				CLANG_WARN_NON_LITERAL_NULL_CONVERSION = YES;
				CLANG_WARN_OBJC_IMPLICIT_RETAIN_SELF = YES;
				CLANG_WARN_OBJC_LITERAL_CONVERSION = YES;
				CLANG_WARN_OBJC_ROOT_CLASS = YES_ERROR;
				CLANG_WARN_RANGE_LOOP_ANALYSIS = YES;
				CLANG_WARN_STRICT_PROTOTYPES = YES;
				CLANG_WARN_SUSPICIOUS_MOVE = YES;
				CLANG_WARN_UNGUARDED_AVAILABILITY = YES_AGGRESSIVE;
				CLANG_WARN_UNREACHABLE_CODE = YES;
				CLANG_WARN__DUPLICATE_METHOD_MATCH = YES;
				COPY_PHASE_STRIP = NO;
				DEBUG_INFORMATION_FORMAT = dwarf;
				ENABLE_STRICT_OBJC_MSGSEND = YES;
				ENABLE_TESTABILITY = YES;
				GCC_C_LANGUAGE_STANDARD = gnu11;
				GCC_DYNAMIC_NO_PIC = NO;
				GCC_NO_COMMON_BLOCKS = YES;
				GCC_OPTIMIZATION_LEVEL = 0;
				GCC_PREPROCESSOR_DEFINITIONS = (
					"DEBUG=1",
					"$(inherited)",
				);
				GCC_WARN_64_TO_32_BIT_CONVERSION = YES;
				GCC_WARN_ABOUT_RETURN_TYPE = YES_ERROR;
				GCC_WARN_UNDECLARED_SELECTOR = YES;
				GCC_WARN_UNINITIALIZED_AUTOS = YES_AGGRESSIVE;
				GCC_WARN_UNUSED_FUNCTION = YES;
				GCC_WARN_UNUSED_VARIABLE = YES;
				IPHONEOS_DEPLOYMENT_TARGET = 13.2;
				MTL_ENABLE_DEBUG_INFO = INCLUDE_SOURCE;
				MTL_FAST_MATH = YES;
				ONLY_ACTIVE_ARCH = YES;
				SDKROOT = iphoneos;
				SWIFT_ACTIVE_COMPILATION_CONDITIONS = DEBUG;
				SWIFT_OPTIMIZATION_LEVEL = "-Onone";
			};
			name = Debug;
		};
		44A206A623F3F67300BEB75E /* Release */ = {
			isa = XCBuildConfiguration;
			buildSettings = {
				ALWAYS_SEARCH_USER_PATHS = NO;
				CLANG_ANALYZER_NONNULL = YES;
				CLANG_ANALYZER_NUMBER_OBJECT_CONVERSION = YES_AGGRESSIVE;
				CLANG_CXX_LANGUAGE_STANDARD = "gnu++14";
				CLANG_CXX_LIBRARY = "libc++";
				CLANG_ENABLE_MODULES = YES;
				CLANG_ENABLE_OBJC_ARC = YES;
				CLANG_ENABLE_OBJC_WEAK = YES;
				CLANG_WARN_BLOCK_CAPTURE_AUTORELEASING = YES;
				CLANG_WARN_BOOL_CONVERSION = YES;
				CLANG_WARN_COMMA = YES;
				CLANG_WARN_CONSTANT_CONVERSION = YES;
				CLANG_WARN_DEPRECATED_OBJC_IMPLEMENTATIONS = YES;
				CLANG_WARN_DIRECT_OBJC_ISA_USAGE = YES_ERROR;
				CLANG_WARN_DOCUMENTATION_COMMENTS = YES;
				CLANG_WARN_EMPTY_BODY = YES;
				CLANG_WARN_ENUM_CONVERSION = YES;
				CLANG_WARN_INFINITE_RECURSION = YES;
				CLANG_WARN_INT_CONVERSION = YES;
				CLANG_WARN_NON_LITERAL_NULL_CONVERSION = YES;
				CLANG_WARN_OBJC_IMPLICIT_RETAIN_SELF = YES;
				CLANG_WARN_OBJC_LITERAL_CONVERSION = YES;
				CLANG_WARN_OBJC_ROOT_CLASS = YES_ERROR;
				CLANG_WARN_RANGE_LOOP_ANALYSIS = YES;
				CLANG_WARN_STRICT_PROTOTYPES = YES;
				CLANG_WARN_SUSPICIOUS_MOVE = YES;
				CLANG_WARN_UNGUARDED_AVAILABILITY = YES_AGGRESSIVE;
				CLANG_WARN_UNREACHABLE_CODE = YES;
				CLANG_WARN__DUPLICATE_METHOD_MATCH = YES;
				COPY_PHASE_STRIP = NO;
				DEBUG_INFORMATION_FORMAT = "dwarf-with-dsym";
				ENABLE_NS_ASSERTIONS = NO;
				ENABLE_STRICT_OBJC_MSGSEND = YES;
				GCC_C_LANGUAGE_STANDARD = gnu11;
				GCC_NO_COMMON_BLOCKS = YES;
				GCC_WARN_64_TO_32_BIT_CONVERSION = YES;
				GCC_WARN_ABOUT_RETURN_TYPE = YES_ERROR;
				GCC_WARN_UNDECLARED_SELECTOR = YES;
				GCC_WARN_UNINITIALIZED_AUTOS = YES_AGGRESSIVE;
				GCC_WARN_UNUSED_FUNCTION = YES;
				GCC_WARN_UNUSED_VARIABLE = YES;
				IPHONEOS_DEPLOYMENT_TARGET = 13.2;
				MTL_ENABLE_DEBUG_INFO = NO;
				MTL_FAST_MATH = YES;
				SDKROOT = iphoneos;
				SWIFT_COMPILATION_MODE = wholemodule;
				SWIFT_OPTIMIZATION_LEVEL = "-O";
				VALIDATE_PRODUCT = YES;
			};
			name = Release;
		};
		44A206A823F3F67300BEB75E /* Debug */ = {
			isa = XCBuildConfiguration;
			buildSettings = {
				ASSETCATALOG_COMPILER_APPICON_NAME = AppIcon;
				CODE_SIGN_STYLE = Automatic;
				DEVELOPMENT_TEAM = PRZ43Q4HD7;
				INFOPLIST_FILE = HCPTest/Info.plist;
				LD_RUNPATH_SEARCH_PATHS = (
					"$(inherited)",
					"@executable_path/Frameworks",
				);
				PRODUCT_BUNDLE_IDENTIFIER = com.nazarDev.HCPTest;
				PRODUCT_NAME = "$(TARGET_NAME)";
				SWIFT_VERSION = 5.0;
				TARGETED_DEVICE_FAMILY = 1;
			};
			name = Debug;
		};
		44A206A923F3F67300BEB75E /* Release */ = {
			isa = XCBuildConfiguration;
			buildSettings = {
				ASSETCATALOG_COMPILER_APPICON_NAME = AppIcon;
				CODE_SIGN_STYLE = Automatic;
				DEVELOPMENT_TEAM = PRZ43Q4HD7;
				INFOPLIST_FILE = HCPTest/Info.plist;
				LD_RUNPATH_SEARCH_PATHS = (
					"$(inherited)",
					"@executable_path/Frameworks",
				);
				PRODUCT_BUNDLE_IDENTIFIER = com.nazarDev.HCPTest;
				PRODUCT_NAME = "$(TARGET_NAME)";
				SWIFT_VERSION = 5.0;
				TARGETED_DEVICE_FAMILY = 1;
			};
			name = Release;
		};
/* End XCBuildConfiguration section */

/* Begin XCConfigurationList section */
		44A2068E23F3F67000BEB75E /* Build configuration list for PBXProject "HCPTest" */ = {
			isa = XCConfigurationList;
			buildConfigurations = (
				44A206A523F3F67300BEB75E /* Debug */,
				44A206A623F3F67300BEB75E /* Release */,
			);
			defaultConfigurationIsVisible = 0;
			defaultConfigurationName = Release;
		};
		44A206A723F3F67300BEB75E /* Build configuration list for PBXNativeTarget "HCPTest" */ = {
			isa = XCConfigurationList;
			buildConfigurations = (
				44A206A823F3F67300BEB75E /* Debug */,
				44A206A923F3F67300BEB75E /* Release */,
			);
			defaultConfigurationIsVisible = 0;
			defaultConfigurationName = Release;
		};
/* End XCConfigurationList section */
	};
	rootObject = 44A2068B23F3F67000BEB75E /* Project object */;
}
